
Microsoft Visual Studio Solution File, Format Version 12.00
# Visual Studio 2013
VisualStudioVersion = 12.0.30723.0
MinimumVisualStudioVersion = 10.0.40219.1
Project("{FAE04EC0-301F-11D3-BF4B-00C04F79EFBC}") = "Documenter", "Documenter\Documenter.csproj", "{3E26A77A-FFFF-4B70-B6DC-FEF06B8FE246}"
EndProject
Project("{FAE04EC0-301F-11D3-BF4B-00C04F79EFBC}") = "Fhir.Documenting", "Fhir.Documenting\Fhir.Documenting.csproj", "{D5B4F03D-79EB-4A8E-B3B8-4A3B1210033C}"
EndProject
Global
	GlobalSection(SolutionConfigurationPlatforms) = preSolution
		Debug|Any CPU = Debug|Any CPU
		Release|Any CPU = Release|Any CPU
	EndGlobalSection
	GlobalSection(ProjectConfigurationPlatforms) = postSolution
		{3E26A77A-FFFF-4B70-B6DC-FEF06B8FE246}.Debug|Any CPU.ActiveCfg = Debug|Any CPU
		{3E26A77A-FFFF-4B70-B6DC-FEF06B8FE246}.Debug|Any CPU.Build.0 = Debug|Any CPU
		{3E26A77A-FFFF-4B70-B6DC-FEF06B8FE246}.Release|Any CPU.ActiveCfg = Release|Any CPU
		{3E26A77A-FFFF-4B70-B6DC-FEF06B8FE246}.Release|Any CPU.Build.0 = Release|Any CPU
		{D5B4F03D-79EB-4A8E-B3B8-4A3B1210033C}.Debug|Any CPU.ActiveCfg = Debug|Any CPU
		{D5B4F03D-79EB-4A8E-B3B8-4A3B1210033C}.Debug|Any CPU.Build.0 = Debug|Any CPU
		{D5B4F03D-79EB-4A8E-B3B8-4A3B1210033C}.Release|Any CPU.ActiveCfg = Release|Any CPU
		{D5B4F03D-79EB-4A8E-B3B8-4A3B1210033C}.Release|Any CPU.Build.0 = Release|Any CPU
	EndGlobalSection
	GlobalSection(SolutionProperties) = preSolution
		HideSolutionNode = FALSE
	EndGlobalSection
EndGlobal
